
Microsoft Visual Studio Solution File, Format Version 12.00
# Visual Studio Version 17
VisualStudioVersion = 17.12.35707.178
MinimumVisualStudioVersion = 10.0.40219.1
Project("{FAE04EC0-301F-11D3-BF4B-00C04F79EFBC}") = "EmployeeManagementTest.Business", "EmployeeManagementTest.Business\EmployeeManagementTest.Business.csproj", "{3C46C236-E4A4-4DEC-86C8-6C247584D4E6}"
EndProject
Project("{FAE04EC0-301F-11D3-BF4B-00C04F79EFBC}") = "EmployeeManagementTest.DataAccess", "EmployeeManagementTest.DataAccess\EmployeeManagementTest.DataAccess.csproj", "{7FC8D9E4-1B14-4877-B4D3-A9995B1D05EC}"
EndProject
Project("{FAE04EC0-301F-11D3-BF4B-00C04F79EFBC}") = "EmployeeManagementTest", "EmployeeManagementTest\EmployeeManagementTest.csproj", "{45C474F9-1794-4780-B7B2-F465E3A201B4}"
EndProject
Global
	GlobalSection(SolutionConfigurationPlatforms) = preSolution
		Debug|Any CPU = Debug|Any CPU
		Release|Any CPU = Release|Any CPU
	EndGlobalSection
	GlobalSection(ProjectConfigurationPlatforms) = postSolution
		{3C46C236-E4A4-4DEC-86C8-6C247584D4E6}.Debug|Any CPU.ActiveCfg = Debug|Any CPU
		{3C46C236-E4A4-4DEC-86C8-6C247584D4E6}.Debug|Any CPU.Build.0 = Debug|Any CPU
		{3C46C236-E4A4-4DEC-86C8-6C247584D4E6}.Release|Any CPU.ActiveCfg = Release|Any CPU
		{3C46C236-E4A4-4DEC-86C8-6C247584D4E6}.Release|Any CPU.Build.0 = Release|Any CPU
		{7FC8D9E4-1B14-4877-B4D3-A9995B1D05EC}.Debug|Any CPU.ActiveCfg = Debug|Any CPU
		{7FC8D9E4-1B14-4877-B4D3-A9995B1D05EC}.Debug|Any CPU.Build.0 = Debug|Any CPU
		{7FC8D9E4-1B14-4877-B4D3-A9995B1D05EC}.Release|Any CPU.ActiveCfg = Release|Any CPU
		{7FC8D9E4-1B14-4877-B4D3-A9995B1D05EC}.Release|Any CPU.Build.0 = Release|Any CPU
		{45C474F9-1794-4780-B7B2-F465E3A201B4}.Debug|Any CPU.ActiveCfg = Debug|Any CPU
		{45C474F9-1794-4780-B7B2-F465E3A201B4}.Debug|Any CPU.Build.0 = Debug|Any CPU
		{45C474F9-1794-4780-B7B2-F465E3A201B4}.Release|Any CPU.ActiveCfg = Release|Any CPU
		{45C474F9-1794-4780-B7B2-F465E3A201B4}.Release|Any CPU.Build.0 = Release|Any CPU
	EndGlobalSection
	GlobalSection(SolutionProperties) = preSolution
		HideSolutionNode = FALSE
	EndGlobalSection
EndGlobal
